PODS:
  - Capacitor (3.1.2):
    - CapacitorCordova
  - CapacitorCordova (2.1.1)

DEPENDENCIES:
  - "Capacitor (from `../node_modules/@capacitor/ios`)"

SPEC REPOS:
  trunk:
    - CapacitorCordova

EXTERNAL SOURCES:
  Capacitor:
    :path: "../node_modules/@capacitor/ios"

SPEC CHECKSUMS:
  Capacitor: 9d06cf7a97c4752037907979baade2f79f2800fa
  CapacitorCordova: 2271de4d678eb616c5f70fe6b4d53e17e88ae171

PODFILE CHECKSUM: f9b1095aeba42ec063bc7fe175e36c668f42df25

COCOAPODS: 1.10.1
